
Microsoft Visual Studio Solution File, Format Version 12.00
# Visual Studio 15
VisualStudioVersion = 15.0.27130.2027
MinimumVisualStudioVersion = 10.0.40219.1
Project("{FAE04EC0-301F-11D3-BF4B-00C04F79EFBC}") = "3 практика 6(2)", "3 практика 6(2)\3 практика 6(2).csproj", "{1042E316-B561-44AF-AA0C-640DB11DB8DC}"
EndProject
Global
	GlobalSection(SolutionConfigurationPlatforms) = preSolution
		Debug|Any CPU = Debug|Any CPU
		Release|Any CPU = Release|Any CPU
	EndGlobalSection
	GlobalSection(ProjectConfigurationPlatforms) = postSolution
		{1042E316-B561-44AF-AA0C-640DB11DB8DC}.Debug|Any CPU.ActiveCfg = Debug|Any CPU
		{1042E316-B561-44AF-AA0C-640DB11DB8DC}.Debug|Any CPU.Build.0 = Debug|Any CPU
		{1042E316-B561-44AF-AA0C-640DB11DB8DC}.Release|Any CPU.ActiveCfg = Release|Any CPU
		{1042E316-B561-44AF-AA0C-640DB11DB8DC}.Release|Any CPU.Build.0 = Release|Any CPU
	EndGlobalSection
	GlobalSection(SolutionProperties) = preSolution
		HideSolutionNode = FALSE
	EndGlobalSection
	GlobalSection(ExtensibilityGlobals) = postSolution
		SolutionGuid = {267E8AE6-3888-445D-AC12-B30697FC958D}
	EndGlobalSection
EndGlobal
